
Microsoft Visual Studio Solution File, Format Version 12.00
# Visual Studio Version 17
VisualStudioVersion = 17.2.32526.322
MinimumVisualStudioVersion = 10.0.40219.1
Project("{FAE04EC0-301F-11D3-BF4B-00C04F79EFBC}") = "LectureEx_ReadWritingCSVfiles_Hafsa", "LectureEx_ReadWritingCSVfiles_Hafsa\LectureEx_ReadWritingCSVfiles_Hafsa.csproj", "{F55E342E-46E8-415D-9797-973F229B2864}"
EndProject
Global
	GlobalSection(SolutionConfigurationPlatforms) = preSolution
		Debug|Any CPU = Debug|Any CPU
		Release|Any CPU = Release|Any CPU
	EndGlobalSection
	GlobalSection(ProjectConfigurationPlatforms) = postSolution
		{F55E342E-46E8-415D-9797-973F229B2864}.Debug|Any CPU.ActiveCfg = Debug|Any CPU
		{F55E342E-46E8-415D-9797-973F229B2864}.Debug|Any CPU.Build.0 = Debug|Any CPU
		{F55E342E-46E8-415D-9797-973F229B2864}.Release|Any CPU.ActiveCfg = Release|Any CPU
		{F55E342E-46E8-415D-9797-973F229B2864}.Release|Any CPU.Build.0 = Release|Any CPU
	EndGlobalSection
	GlobalSection(SolutionProperties) = preSolution
		HideSolutionNode = FALSE
	EndGlobalSection
	GlobalSection(ExtensibilityGlobals) = postSolution
		SolutionGuid = {1D5CA184-9DE1-4BE4-AD02-FBD61ED347B7}
	EndGlobalSection
EndGlobal
